
Microsoft Visual Studio Solution File, Format Version 12.00
# Visual Studio 15
VisualStudioVersion = 15.0.27004.2002
MinimumVisualStudioVersion = 10.0.40219.1
Project("{FAE04EC0-301F-11D3-BF4B-00C04F79EFBC}") = "AbMachModelLib", "AbMachModel\AbMachModelLib.csproj", "{D5990262-CB79-4D17-BA92-1F0B0940D5A7}"
	ProjectSection(ProjectDependencies) = postProject
		{A8861A3F-2A73-4F27-A552-F1ADB58EF5D2} = {A8861A3F-2A73-4F27-A552-F1ADB58EF5D2}
	EndProjectSection
EndProject
Project("{FAE04EC0-301F-11D3-BF4B-00C04F79EFBC}") = "FileIOLibTests", "FileIOLibTests\FileIOLibTests.csproj", "{F89E39FC-27B9-4745-A6E2-1E3A424852DB}"
	ProjectSection(ProjectDependencies) = postProject
		{16378D09-19AA-45E1-B27C-3FBF6C33D19D} = {16378D09-19AA-45E1-B27C-3FBF6C33D19D}
	EndProjectSection
EndProject
Project("{2150E333-8FDC-42A3-9474-1A3956D46DE8}") = ".nuget", ".nuget", "{0521407E-69CB-453F-B9D5-32F6EA9C256A}"
	ProjectSection(SolutionItems) = preProject
		.nuget\packages.config = .nuget\packages.config
	EndProjectSection
EndProject
Project("{FAE04EC0-301F-11D3-BF4B-00C04F79EFBC}") = "ToolpathLibTests", "ToolpathLibTests\ToolpathLibTests.csproj", "{218E1A00-E964-4A17-910F-F710BF0FCF3A}"
	ProjectSection(ProjectDependencies) = postProject
		{F48E523E-0C85-4379-8E8A-06033C61C476} = {F48E523E-0C85-4379-8E8A-06033C61C476}
	EndProjectSection
EndProject
Project("{FAE04EC0-301F-11D3-BF4B-00C04F79EFBC}") = "DwgConverterLib", "DxfFileLib\DwgConverterLib.csproj", "{5324BA86-469D-4E51-88CC-5A53B662D65D}"
EndProject
Project("{FAE04EC0-301F-11D3-BF4B-00C04F79EFBC}") = "CNCLibTests", "CNCLibTests\CNCLibTests.csproj", "{F0EE5DB9-597B-415D-8E18-54FB8BE0C1CC}"
	ProjectSection(ProjectDependencies) = postProject
		{E0B421B3-C2B0-4132-893E-C66376132BE7} = {E0B421B3-C2B0-4132-893E-C66376132BE7}
	EndProjectSection
EndProject
Project("{FAE04EC0-301F-11D3-BF4B-00C04F79EFBC}") = "InspectionFileLibTests", "InspectionFileLibTests\InspectionFileLibTests.csproj", "{422C2BDD-B56F-40FC-A8B3-CF48F9A27C07}"
EndProject
Project("{FAE04EC0-301F-11D3-BF4B-00C04F79EFBC}") = "AWJModelLibTests", "AWJModelLibTests\AWJModelLibTests.csproj", "{498F249E-CC98-48B8-A68F-BA8E27D4F3F8}"
EndProject
Project("{FAE04EC0-301F-11D3-BF4B-00C04F79EFBC}") = "Abmach3TestForm", "Abmach3TestForm\Abmach3TestForm.csproj", "{27AD55FC-DDD7-41A3-8C75-6A0E26941F61}"
EndProject
Project("{FAE04EC0-301F-11D3-BF4B-00C04F79EFBC}") = "CNCLib", "CNC Library\CNCLib.csproj", "{E0B421B3-C2B0-4132-893E-C66376132BE7}"
EndProject
Project("{FAE04EC0-301F-11D3-BF4B-00C04F79EFBC}") = "FileIOLib", "File IO Library\FileIO\FileIOLib.csproj", "{16378D09-19AA-45E1-B27C-3FBF6C33D19D}"
EndProject
Project("{FAE04EC0-301F-11D3-BF4B-00C04F79EFBC}") = "ToolpathLib", "ToolpathLib\ToolpathLib.csproj", "{F48E523E-0C85-4379-8E8A-06033C61C476}"
EndProject
Project("{FAE04EC0-301F-11D3-BF4B-00C04F79EFBC}") = "GeometryLib", "GeometryLib\GeometryLib.csproj", "{9AD06540-598D-4C01-AB09-4E68CA4FAD28}"
EndProject
Project("{FAE04EC0-301F-11D3-BF4B-00C04F79EFBC}") = "GeometryLibTests", "GeomtryLibTests\GeometryLibTests.csproj", "{23AE0BF7-33E2-451D-A8B0-C7E505F33813}"
EndProject
Project("{FAE04EC0-301F-11D3-BF4B-00C04F79EFBC}") = "InspectionLib", "InspectionFileLib\InspectionLib.csproj", "{CC7EAA25-17DB-4850-91F6-0B59BF335E2A}"
	ProjectSection(ProjectDependencies) = postProject
		{F48E523E-0C85-4379-8E8A-06033C61C476} = {F48E523E-0C85-4379-8E8A-06033C61C476}
		{0B633261-C1B5-422F-A975-AA1DF2878C71} = {0B633261-C1B5-422F-A975-AA1DF2878C71}
		{0C6FA665-A531-4163-A318-5FA4F5A65E0F} = {0C6FA665-A531-4163-A318-5FA4F5A65E0F}
	EndProjectSection
EndProject
Project("{FAE04EC0-301F-11D3-BF4B-00C04F79EFBC}") = "ProbeController", "ProbeController\ProbeController.csproj", "{0B633261-C1B5-422F-A975-AA1DF2878C71}"
EndProject
Project("{FAE04EC0-301F-11D3-BF4B-00C04F79EFBC}") = "BarrelInspectionForm", "BarrelInspectionProcessorForm\BarrelInspectionForm.csproj", "{9DADCDCD-B21C-4B6C-A15F-9B36641AA45C}"
EndProject
Project("{FAE04EC0-301F-11D3-BF4B-00C04F79EFBC}") = "WinFormsLibTests", "WinFormsLibTests\WinFormsLibTests.csproj", "{8F27AA28-D163-42FF-B9D9-E4B22C8AE52B}"
EndProject
Project("{FAE04EC0-301F-11D3-BF4B-00C04F79EFBC}") = "WindowsFormLib", "WindowsFormLib\WindowsFormLib.csproj", "{872E3E7E-D5F8-4ACD-A098-EA184BA0E7F9}"
EndProject
Project("{FAE04EC0-301F-11D3-BF4B-00C04F79EFBC}") = "DataLib", "DataLib\DataLib.csproj", "{0C6FA665-A531-4163-A318-5FA4F5A65E0F}"
EndProject
Project("{FAE04EC0-301F-11D3-BF4B-00C04F79EFBC}") = "BarrelLib", "BarrelLib\BarrelLib.csproj", "{351C4D4D-8066-40BA-A638-93BB22428C3E}"
EndProject
Project("{FAE04EC0-301F-11D3-BF4B-00C04F79EFBC}") = "MasterProject", "MasterProject\MasterProject.csproj", "{F4703AF5-9A1A-4D72-AD94-26C982DFD2F5}"
EndProject
Project("{FAE04EC0-301F-11D3-BF4B-00C04F79EFBC}") = "SurfaceModelLib", "SurfaceModel\SurfaceModel\SurfaceModelLib.csproj", "{7DC24E8D-CFE2-457E-8C0E-8ACDAC65745B}"
EndProject
Project("{FAE04EC0-301F-11D3-BF4B-00C04F79EFBC}") = "SurfaceFileLib", "SurfaceFileLib\SurfaceFileLib.csproj", "{0B2A9A0B-EB08-4240-92AE-C56C3DCE2C96}"
EndProject
Project("{FAE04EC0-301F-11D3-BF4B-00C04F79EFBC}") = "AWJModelLib", "AWJModelLib\AWJModelLib.csproj", "{A8861A3F-2A73-4F27-A552-F1ADB58EF5D2}"
EndProject
Project("{FAE04EC0-301F-11D3-BF4B-00C04F79EFBC}") = "GridTest", "GridTest\GridTest.csproj", "{068666C6-983A-4E16-BEB6-4A2632A37786}"
EndProject
Project("{FAE04EC0-301F-11D3-BF4B-00C04F79EFBC}") = "CSVtoDXF", "..\..\..\OneDrive\Documents\Software Projects\backup 4-10-18\MasterProject\CSVtoDXF\CSVtoDXF.csproj", "{D5F7C0C7-8894-42D7-A517-CD2FE8DB40D8}"
EndProject
Project("{FAE04EC0-301F-11D3-BF4B-00C04F79EFBC}") = "CSVtoDXFForm", "..\..\..\OneDrive\Documents\Software Projects\backup 4-10-18\MasterProject\CSVtoDXFForm\CSVtoDXFForm.csproj", "{5D303AE4-8B3D-4341-8948-8573D918AE0A}"
EndProject
Project("{FAE04EC0-301F-11D3-BF4B-00C04F79EFBC}") = "LJV_DllSampleAll", "..\Keyence comm sample\Source\Sample\LJV_DllSampleAll.csproj", "{2C0A503D-CC38-4F60-B948-786E309062A5}"
EndProject
Project("{FAE04EC0-301F-11D3-BF4B-00C04F79EFBC}") = "SICommandsConsole", "..\SICommandsConsole\SICommandsConsole\SICommandsConsole.csproj", "{7647656F-6DBF-4A45-B598-66F7E57F5A8C}"
EndProject
Global
	GlobalSection(SolutionConfigurationPlatforms) = preSolution
		Debug|Any CPU = Debug|Any CPU
		Debug|Mixed Platforms = Debug|Mixed Platforms
		Debug|x64 = Debug|x64
		Debug|x86 = Debug|x86
		Release|Any CPU = Release|Any CPU
		Release|Mixed Platforms = Release|Mixed Platforms
		Release|x64 = Release|x64
		Release|x86 = Release|x86
	EndGlobalSection
	GlobalSection(ProjectConfigurationPlatforms) = postSolution
		{D5990262-CB79-4D17-BA92-1F0B0940D5A7}.Debug|Any CPU.ActiveCfg = Debug|Any CPU
		{D5990262-CB79-4D17-BA92-1F0B0940D5A7}.Debug|Any CPU.Build.0 = Debug|Any CPU
		{D5990262-CB79-4D17-BA92-1F0B0940D5A7}.Debug|Mixed Platforms.ActiveCfg = Debug|Any CPU
		{D5990262-CB79-4D17-BA92-1F0B0940D5A7}.Debug|Mixed Platforms.Build.0 = Debug|Any CPU
		{D5990262-CB79-4D17-BA92-1F0B0940D5A7}.Debug|x64.ActiveCfg = Debug|x64
		{D5990262-CB79-4D17-BA92-1F0B0940D5A7}.Debug|x64.Build.0 = Debug|x64
		{D5990262-CB79-4D17-BA92-1F0B0940D5A7}.Debug|x86.ActiveCfg = Debug|Any CPU
		{D5990262-CB79-4D17-BA92-1F0B0940D5A7}.Debug|x86.Build.0 = Debug|Any CPU
		{D5990262-CB79-4D17-BA92-1F0B0940D5A7}.Release|Any CPU.ActiveCfg = Release|Any CPU
		{D5990262-CB79-4D17-BA92-1F0B0940D5A7}.Release|Any CPU.Build.0 = Release|Any CPU
		{D5990262-CB79-4D17-BA92-1F0B0940D5A7}.Release|Mixed Platforms.ActiveCfg = Release|Any CPU
		{D5990262-CB79-4D17-BA92-1F0B0940D5A7}.Release|Mixed Platforms.Build.0 = Release|Any CPU
		{D5990262-CB79-4D17-BA92-1F0B0940D5A7}.Release|x64.ActiveCfg = Release|x64
		{D5990262-CB79-4D17-BA92-1F0B0940D5A7}.Release|x64.Build.0 = Release|x64
		{D5990262-CB79-4D17-BA92-1F0B0940D5A7}.Release|x86.ActiveCfg = Debug|Any CPU
		{F89E39FC-27B9-4745-A6E2-1E3A424852DB}.Debug|Any CPU.ActiveCfg = Debug|Any CPU
		{F89E39FC-27B9-4745-A6E2-1E3A424852DB}.Debug|Any CPU.Build.0 = Debug|Any CPU
		{F89E39FC-27B9-4745-A6E2-1E3A424852DB}.Debug|Mixed Platforms.ActiveCfg = Debug|Any CPU
		{F89E39FC-27B9-4745-A6E2-1E3A424852DB}.Debug|Mixed Platforms.Build.0 = Debug|Any CPU
		{F89E39FC-27B9-4745-A6E2-1E3A424852DB}.Debug|x64.ActiveCfg = Debug|Any CPU
		{F89E39FC-27B9-4745-A6E2-1E3A424852DB}.Debug|x86.ActiveCfg = Debug|Any CPU
		{F89E39FC-27B9-4745-A6E2-1E3A424852DB}.Release|Any CPU.ActiveCfg = Release|Any CPU
		{F89E39FC-27B9-4745-A6E2-1E3A424852DB}.Release|Any CPU.Build.0 = Release|Any CPU
		{F89E39FC-27B9-4745-A6E2-1E3A424852DB}.Release|Mixed Platforms.ActiveCfg = Release|Any CPU
		{F89E39FC-27B9-4745-A6E2-1E3A424852DB}.Release|Mixed Platforms.Build.0 = Release|Any CPU
		{F89E39FC-27B9-4745-A6E2-1E3A424852DB}.Release|x64.ActiveCfg = Release|Any CPU
		{F89E39FC-27B9-4745-A6E2-1E3A424852DB}.Release|x86.ActiveCfg = Debug|Any CPU
		{F89E39FC-27B9-4745-A6E2-1E3A424852DB}.Release|x86.Build.0 = Debug|Any CPU
		{218E1A00-E964-4A17-910F-F710BF0FCF3A}.Debug|Any CPU.ActiveCfg = Debug|Any CPU
		{218E1A00-E964-4A17-910F-F710BF0FCF3A}.Debug|Any CPU.Build.0 = Debug|Any CPU
		{218E1A00-E964-4A17-910F-F710BF0FCF3A}.Debug|Mixed Platforms.ActiveCfg = Debug|Any CPU
		{218E1A00-E964-4A17-910F-F710BF0FCF3A}.Debug|Mixed Platforms.Build.0 = Debug|Any CPU
		{218E1A00-E964-4A17-910F-F710BF0FCF3A}.Debug|x64.ActiveCfg = Debug|Any CPU
		{218E1A00-E964-4A17-910F-F710BF0FCF3A}.Debug|x86.ActiveCfg = Debug|Any CPU
		{218E1A00-E964-4A17-910F-F710BF0FCF3A}.Release|Any CPU.ActiveCfg = Release|Any CPU
		{218E1A00-E964-4A17-910F-F710BF0FCF3A}.Release|Any CPU.Build.0 = Release|Any CPU
		{218E1A00-E964-4A17-910F-F710BF0FCF3A}.Release|Mixed Platforms.ActiveCfg = Release|Any CPU
		{218E1A00-E964-4A17-910F-F710BF0FCF3A}.Release|Mixed Platforms.Build.0 = Release|Any CPU
		{218E1A00-E964-4A17-910F-F710BF0FCF3A}.Release|x64.ActiveCfg = Release|Any CPU
		{218E1A00-E964-4A17-910F-F710BF0FCF3A}.Release|x86.ActiveCfg = Release|Any CPU
		{5324BA86-469D-4E51-88CC-5A53B662D65D}.Debug|Any CPU.ActiveCfg = Debug|Any CPU
		{5324BA86-469D-4E51-88CC-5A53B662D65D}.Debug|Any CPU.Build.0 = Debug|Any CPU
		{5324BA86-469D-4E51-88CC-5A53B662D65D}.Debug|Mixed Platforms.ActiveCfg = Debug|Any CPU
		{5324BA86-469D-4E51-88CC-5A53B662D65D}.Debug|Mixed Platforms.Build.0 = Debug|Any CPU
		{5324BA86-469D-4E51-88CC-5A53B662D65D}.Debug|x64.ActiveCfg = Debug|Any CPU
		{5324BA86-469D-4E51-88CC-5A53B662D65D}.Debug|x86.ActiveCfg = Debug|Any CPU
		{5324BA86-469D-4E51-88CC-5A53B662D65D}.Release|Any CPU.ActiveCfg = Release|Any CPU
		{5324BA86-469D-4E51-88CC-5A53B662D65D}.Release|Any CPU.Build.0 = Release|Any CPU
		{5324BA86-469D-4E51-88CC-5A53B662D65D}.Release|Mixed Platforms.ActiveCfg = Release|Any CPU
		{5324BA86-469D-4E51-88CC-5A53B662D65D}.Release|Mixed Platforms.Build.0 = Release|Any CPU
		{5324BA86-469D-4E51-88CC-5A53B662D65D}.Release|x64.ActiveCfg = Release|Any CPU
		{5324BA86-469D-4E51-88CC-5A53B662D65D}.Release|x86.ActiveCfg = Release|Any CPU
		{F0EE5DB9-597B-415D-8E18-54FB8BE0C1CC}.Debug|Any CPU.ActiveCfg = Debug|Any CPU
		{F0EE5DB9-597B-415D-8E18-54FB8BE0C1CC}.Debug|Any CPU.Build.0 = Debug|Any CPU
		{F0EE5DB9-597B-415D-8E18-54FB8BE0C1CC}.Debug|Mixed Platforms.ActiveCfg = Debug|Any CPU
		{F0EE5DB9-597B-415D-8E18-54FB8BE0C1CC}.Debug|Mixed Platforms.Build.0 = Debug|Any CPU
		{F0EE5DB9-597B-415D-8E18-54FB8BE0C1CC}.Debug|x64.ActiveCfg = Debug|Any CPU
		{F0EE5DB9-597B-415D-8E18-54FB8BE0C1CC}.Debug|x86.ActiveCfg = Debug|Any CPU
		{F0EE5DB9-597B-415D-8E18-54FB8BE0C1CC}.Release|Any CPU.ActiveCfg = Release|Any CPU
		{F0EE5DB9-597B-415D-8E18-54FB8BE0C1CC}.Release|Any CPU.Build.0 = Release|Any CPU
		{F0EE5DB9-597B-415D-8E18-54FB8BE0C1CC}.Release|Mixed Platforms.ActiveCfg = Release|Any CPU
		{F0EE5DB9-597B-415D-8E18-54FB8BE0C1CC}.Release|Mixed Platforms.Build.0 = Release|Any CPU
		{F0EE5DB9-597B-415D-8E18-54FB8BE0C1CC}.Release|x64.ActiveCfg = Release|Any CPU
		{F0EE5DB9-597B-415D-8E18-54FB8BE0C1CC}.Release|x86.ActiveCfg = Release|Any CPU
		{422C2BDD-B56F-40FC-A8B3-CF48F9A27C07}.Debug|Any CPU.ActiveCfg = Debug|Any CPU
		{422C2BDD-B56F-40FC-A8B3-CF48F9A27C07}.Debug|Any CPU.Build.0 = Debug|Any CPU
		{422C2BDD-B56F-40FC-A8B3-CF48F9A27C07}.Debug|Mixed Platforms.ActiveCfg = Debug|Any CPU
		{422C2BDD-B56F-40FC-A8B3-CF48F9A27C07}.Debug|Mixed Platforms.Build.0 = Debug|Any CPU
		{422C2BDD-B56F-40FC-A8B3-CF48F9A27C07}.Debug|x64.ActiveCfg = Debug|Any CPU
		{422C2BDD-B56F-40FC-A8B3-CF48F9A27C07}.Debug|x64.Build.0 = Debug|Any CPU
		{422C2BDD-B56F-40FC-A8B3-CF48F9A27C07}.Debug|x86.ActiveCfg = Debug|Any CPU
		{422C2BDD-B56F-40FC-A8B3-CF48F9A27C07}.Debug|x86.Build.0 = Debug|Any CPU
		{422C2BDD-B56F-40FC-A8B3-CF48F9A27C07}.Release|Any CPU.ActiveCfg = Release|Any CPU
		{422C2BDD-B56F-40FC-A8B3-CF48F9A27C07}.Release|Any CPU.Build.0 = Release|Any CPU
		{422C2BDD-B56F-40FC-A8B3-CF48F9A27C07}.Release|Mixed Platforms.ActiveCfg = Release|Any CPU
		{422C2BDD-B56F-40FC-A8B3-CF48F9A27C07}.Release|Mixed Platforms.Build.0 = Release|Any CPU
		{422C2BDD-B56F-40FC-A8B3-CF48F9A27C07}.Release|x64.ActiveCfg = Release|Any CPU
		{422C2BDD-B56F-40FC-A8B3-CF48F9A27C07}.Release|x64.Build.0 = Release|Any CPU
		{422C2BDD-B56F-40FC-A8B3-CF48F9A27C07}.Release|x86.ActiveCfg = Release|Any CPU
		{422C2BDD-B56F-40FC-A8B3-CF48F9A27C07}.Release|x86.Build.0 = Release|Any CPU
		{498F249E-CC98-48B8-A68F-BA8E27D4F3F8}.Debug|Any CPU.ActiveCfg = Debug|Any CPU
		{498F249E-CC98-48B8-A68F-BA8E27D4F3F8}.Debug|Any CPU.Build.0 = Debug|Any CPU
		{498F249E-CC98-48B8-A68F-BA8E27D4F3F8}.Debug|Mixed Platforms.ActiveCfg = Debug|Any CPU
		{498F249E-CC98-48B8-A68F-BA8E27D4F3F8}.Debug|Mixed Platforms.Build.0 = Debug|Any CPU
		{498F249E-CC98-48B8-A68F-BA8E27D4F3F8}.Debug|x64.ActiveCfg = Debug|Any CPU
		{498F249E-CC98-48B8-A68F-BA8E27D4F3F8}.Debug|x64.Build.0 = Debug|Any CPU
		{498F249E-CC98-48B8-A68F-BA8E27D4F3F8}.Debug|x86.ActiveCfg = Debug|Any CPU
		{498F249E-CC98-48B8-A68F-BA8E27D4F3F8}.Debug|x86.Build.0 = Debug|Any CPU
		{498F249E-CC98-48B8-A68F-BA8E27D4F3F8}.Release|Any CPU.ActiveCfg = Release|Any CPU
		{498F249E-CC98-48B8-A68F-BA8E27D4F3F8}.Release|Any CPU.Build.0 = Release|Any CPU
		{498F249E-CC98-48B8-A68F-BA8E27D4F3F8}.Release|Mixed Platforms.ActiveCfg = Release|Any CPU
		{498F249E-CC98-48B8-A68F-BA8E27D4F3F8}.Release|Mixed Platforms.Build.0 = Release|Any CPU
		{498F249E-CC98-48B8-A68F-BA8E27D4F3F8}.Release|x64.ActiveCfg = Release|Any CPU
		{498F249E-CC98-48B8-A68F-BA8E27D4F3F8}.Release|x64.Build.0 = Release|Any CPU
		{498F249E-CC98-48B8-A68F-BA8E27D4F3F8}.Release|x86.ActiveCfg = Release|Any CPU
		{498F249E-CC98-48B8-A68F-BA8E27D4F3F8}.Release|x86.Build.0 = Release|Any CPU
		{27AD55FC-DDD7-41A3-8C75-6A0E26941F61}.Debug|Any CPU.ActiveCfg = Debug|Any CPU
		{27AD55FC-DDD7-41A3-8C75-6A0E26941F61}.Debug|Any CPU.Build.0 = Debug|Any CPU
		{27AD55FC-DDD7-41A3-8C75-6A0E26941F61}.Debug|Mixed Platforms.ActiveCfg = Debug|Any CPU
		{27AD55FC-DDD7-41A3-8C75-6A0E26941F61}.Debug|Mixed Platforms.Build.0 = Debug|Any CPU
		{27AD55FC-DDD7-41A3-8C75-6A0E26941F61}.Debug|x64.ActiveCfg = Debug|Any CPU
		{27AD55FC-DDD7-41A3-8C75-6A0E26941F61}.Debug|x64.Build.0 = Debug|Any CPU
		{27AD55FC-DDD7-41A3-8C75-6A0E26941F61}.Debug|x86.ActiveCfg = Debug|Any CPU
		{27AD55FC-DDD7-41A3-8C75-6A0E26941F61}.Debug|x86.Build.0 = Debug|Any CPU
		{27AD55FC-DDD7-41A3-8C75-6A0E26941F61}.Release|Any CPU.ActiveCfg = Release|Any CPU
		{27AD55FC-DDD7-41A3-8C75-6A0E26941F61}.Release|Any CPU.Build.0 = Release|Any CPU
		{27AD55FC-DDD7-41A3-8C75-6A0E26941F61}.Release|Mixed Platforms.ActiveCfg = Release|Any CPU
		{27AD55FC-DDD7-41A3-8C75-6A0E26941F61}.Release|Mixed Platforms.Build.0 = Release|Any CPU
		{27AD55FC-DDD7-41A3-8C75-6A0E26941F61}.Release|x64.ActiveCfg = Release|Any CPU
		{27AD55FC-DDD7-41A3-8C75-6A0E26941F61}.Release|x64.Build.0 = Release|Any CPU
		{27AD55FC-DDD7-41A3-8C75-6A0E26941F61}.Release|x86.ActiveCfg = Release|Any CPU
		{27AD55FC-DDD7-41A3-8C75-6A0E26941F61}.Release|x86.Build.0 = Release|Any CPU
		{E0B421B3-C2B0-4132-893E-C66376132BE7}.Debug|Any CPU.ActiveCfg = Debug|Any CPU
		{E0B421B3-C2B0-4132-893E-C66376132BE7}.Debug|Any CPU.Build.0 = Debug|Any CPU
		{E0B421B3-C2B0-4132-893E-C66376132BE7}.Debug|Mixed Platforms.ActiveCfg = Debug|Any CPU
		{E0B421B3-C2B0-4132-893E-C66376132BE7}.Debug|Mixed Platforms.Build.0 = Debug|Any CPU
		{E0B421B3-C2B0-4132-893E-C66376132BE7}.Debug|x64.ActiveCfg = Debug|Any CPU
		{E0B421B3-C2B0-4132-893E-C66376132BE7}.Debug|x64.Build.0 = Debug|Any CPU
		{E0B421B3-C2B0-4132-893E-C66376132BE7}.Debug|x86.ActiveCfg = Debug|Any CPU
		{E0B421B3-C2B0-4132-893E-C66376132BE7}.Debug|x86.Build.0 = Debug|Any CPU
		{E0B421B3-C2B0-4132-893E-C66376132BE7}.Release|Any CPU.ActiveCfg = Release|Any CPU
		{E0B421B3-C2B0-4132-893E-C66376132BE7}.Release|Any CPU.Build.0 = Release|Any CPU
		{E0B421B3-C2B0-4132-893E-C66376132BE7}.Release|Mixed Platforms.ActiveCfg = Release|Any CPU
		{E0B421B3-C2B0-4132-893E-C66376132BE7}.Release|Mixed Platforms.Build.0 = Release|Any CPU
		{E0B421B3-C2B0-4132-893E-C66376132BE7}.Release|x64.ActiveCfg = Release|Any CPU
		{E0B421B3-C2B0-4132-893E-C66376132BE7}.Release|x64.Build.0 = Release|Any CPU
		{E0B421B3-C2B0-4132-893E-C66376132BE7}.Release|x86.ActiveCfg = Release|Any CPU
		{E0B421B3-C2B0-4132-893E-C66376132BE7}.Release|x86.Build.0 = Release|Any CPU
		{16378D09-19AA-45E1-B27C-3FBF6C33D19D}.Debug|Any CPU.ActiveCfg = Debug|Any CPU
		{16378D09-19AA-45E1-B27C-3FBF6C33D19D}.Debug|Any CPU.Build.0 = Debug|Any CPU
		{16378D09-19AA-45E1-B27C-3FBF6C33D19D}.Debug|Mixed Platforms.ActiveCfg = Debug|Any CPU
		{16378D09-19AA-45E1-B27C-3FBF6C33D19D}.Debug|Mixed Platforms.Build.0 = Debug|Any CPU
		{16378D09-19AA-45E1-B27C-3FBF6C33D19D}.Debug|x64.ActiveCfg = Debug|x64
		{16378D09-19AA-45E1-B27C-3FBF6C33D19D}.Debug|x64.Build.0 = Debug|x64
		{16378D09-19AA-45E1-B27C-3FBF6C33D19D}.Debug|x86.ActiveCfg = Debug|x86
		{16378D09-19AA-45E1-B27C-3FBF6C33D19D}.Debug|x86.Build.0 = Debug|x86
		{16378D09-19AA-45E1-B27C-3FBF6C33D19D}.Release|Any CPU.ActiveCfg = Release|Any CPU
		{16378D09-19AA-45E1-B27C-3FBF6C33D19D}.Release|Any CPU.Build.0 = Release|Any CPU
		{16378D09-19AA-45E1-B27C-3FBF6C33D19D}.Release|Mixed Platforms.ActiveCfg = Release|x86
		{16378D09-19AA-45E1-B27C-3FBF6C33D19D}.Release|Mixed Platforms.Build.0 = Release|x86
		{16378D09-19AA-45E1-B27C-3FBF6C33D19D}.Release|x64.ActiveCfg = Release|x64
		{16378D09-19AA-45E1-B27C-3FBF6C33D19D}.Release|x64.Build.0 = Release|x64
		{16378D09-19AA-45E1-B27C-3FBF6C33D19D}.Release|x86.ActiveCfg = Release|x86
		{16378D09-19AA-45E1-B27C-3FBF6C33D19D}.Release|x86.Build.0 = Release|x86
		{F48E523E-0C85-4379-8E8A-06033C61C476}.Debug|Any CPU.ActiveCfg = Debug|Any CPU
		{F48E523E-0C85-4379-8E8A-06033C61C476}.Debug|Any CPU.Build.0 = Debug|Any CPU
		{F48E523E-0C85-4379-8E8A-06033C61C476}.Debug|Mixed Platforms.ActiveCfg = Debug|Any CPU
		{F48E523E-0C85-4379-8E8A-06033C61C476}.Debug|Mixed Platforms.Build.0 = Debug|Any CPU
		{F48E523E-0C85-4379-8E8A-06033C61C476}.Debug|x64.ActiveCfg = Debug|x64
		{F48E523E-0C85-4379-8E8A-06033C61C476}.Debug|x64.Build.0 = Debug|x64
		{F48E523E-0C85-4379-8E8A-06033C61C476}.Debug|x86.ActiveCfg = Debug|x86
		{F48E523E-0C85-4379-8E8A-06033C61C476}.Debug|x86.Build.0 = Debug|x86
		{F48E523E-0C85-4379-8E8A-06033C61C476}.Release|Any CPU.ActiveCfg = Release|Any CPU
		{F48E523E-0C85-4379-8E8A-06033C61C476}.Release|Any CPU.Build.0 = Release|Any CPU
		{F48E523E-0C85-4379-8E8A-06033C61C476}.Release|Mixed Platforms.ActiveCfg = Release|x86
		{F48E523E-0C85-4379-8E8A-06033C61C476}.Release|Mixed Platforms.Build.0 = Release|x86
		{F48E523E-0C85-4379-8E8A-06033C61C476}.Release|x64.ActiveCfg = Release|x64
		{F48E523E-0C85-4379-8E8A-06033C61C476}.Release|x64.Build.0 = Release|x64
		{F48E523E-0C85-4379-8E8A-06033C61C476}.Release|x86.ActiveCfg = Release|x86
		{F48E523E-0C85-4379-8E8A-06033C61C476}.Release|x86.Build.0 = Release|x86
		{9AD06540-598D-4C01-AB09-4E68CA4FAD28}.Debug|Any CPU.ActiveCfg = Debug|Any CPU
		{9AD06540-598D-4C01-AB09-4E68CA4FAD28}.Debug|Any CPU.Build.0 = Debug|Any CPU
		{9AD06540-598D-4C01-AB09-4E68CA4FAD28}.Debug|Mixed Platforms.ActiveCfg = Debug|Any CPU
		{9AD06540-598D-4C01-AB09-4E68CA4FAD28}.Debug|Mixed Platforms.Build.0 = Debug|Any CPU
		{9AD06540-598D-4C01-AB09-4E68CA4FAD28}.Debug|x64.ActiveCfg = Debug|x64
		{9AD06540-598D-4C01-AB09-4E68CA4FAD28}.Debug|x64.Build.0 = Debug|x64
		{9AD06540-598D-4C01-AB09-4E68CA4FAD28}.Debug|x86.ActiveCfg = Debug|x86
		{9AD06540-598D-4C01-AB09-4E68CA4FAD28}.Debug|x86.Build.0 = Debug|x86
		{9AD06540-598D-4C01-AB09-4E68CA4FAD28}.Release|Any CPU.ActiveCfg = Release|Any CPU
		{9AD06540-598D-4C01-AB09-4E68CA4FAD28}.Release|Any CPU.Build.0 = Release|Any CPU
		{9AD06540-598D-4C01-AB09-4E68CA4FAD28}.Release|Mixed Platforms.ActiveCfg = Release|x86
		{9AD06540-598D-4C01-AB09-4E68CA4FAD28}.Release|Mixed Platforms.Build.0 = Release|x86
		{9AD06540-598D-4C01-AB09-4E68CA4FAD28}.Release|x64.ActiveCfg = Release|x64
		{9AD06540-598D-4C01-AB09-4E68CA4FAD28}.Release|x64.Build.0 = Release|x64
		{9AD06540-598D-4C01-AB09-4E68CA4FAD28}.Release|x86.ActiveCfg = Release|x86
		{9AD06540-598D-4C01-AB09-4E68CA4FAD28}.Release|x86.Build.0 = Release|x86
		{23AE0BF7-33E2-451D-A8B0-C7E505F33813}.Debug|Any CPU.ActiveCfg = Debug|Any CPU
		{23AE0BF7-33E2-451D-A8B0-C7E505F33813}.Debug|Any CPU.Build.0 = Debug|Any CPU
		{23AE0BF7-33E2-451D-A8B0-C7E505F33813}.Debug|Mixed Platforms.ActiveCfg = Debug|Any CPU
		{23AE0BF7-33E2-451D-A8B0-C7E505F33813}.Debug|Mixed Platforms.Build.0 = Debug|Any CPU
		{23AE0BF7-33E2-451D-A8B0-C7E505F33813}.Debug|x64.ActiveCfg = Debug|Any CPU
		{23AE0BF7-33E2-451D-A8B0-C7E505F33813}.Debug|x64.Build.0 = Debug|Any CPU
		{23AE0BF7-33E2-451D-A8B0-C7E505F33813}.Debug|x86.ActiveCfg = Debug|Any CPU
		{23AE0BF7-33E2-451D-A8B0-C7E505F33813}.Debug|x86.Build.0 = Debug|Any CPU
		{23AE0BF7-33E2-451D-A8B0-C7E505F33813}.Release|Any CPU.ActiveCfg = Release|Any CPU
		{23AE0BF7-33E2-451D-A8B0-C7E505F33813}.Release|Any CPU.Build.0 = Release|Any CPU
		{23AE0BF7-33E2-451D-A8B0-C7E505F33813}.Release|Mixed Platforms.ActiveCfg = Release|Any CPU
		{23AE0BF7-33E2-451D-A8B0-C7E505F33813}.Release|Mixed Platforms.Build.0 = Release|Any CPU
		{23AE0BF7-33E2-451D-A8B0-C7E505F33813}.Release|x64.ActiveCfg = Release|Any CPU
		{23AE0BF7-33E2-451D-A8B0-C7E505F33813}.Release|x64.Build.0 = Release|Any CPU
		{23AE0BF7-33E2-451D-A8B0-C7E505F33813}.Release|x86.ActiveCfg = Release|Any CPU
		{23AE0BF7-33E2-451D-A8B0-C7E505F33813}.Release|x86.Build.0 = Release|Any CPU
		{CC7EAA25-17DB-4850-91F6-0B59BF335E2A}.Debug|Any CPU.ActiveCfg = Debug|Any CPU
		{CC7EAA25-17DB-4850-91F6-0B59BF335E2A}.Debug|Any CPU.Build.0 = Debug|Any CPU
		{CC7EAA25-17DB-4850-91F6-0B59BF335E2A}.Debug|Mixed Platforms.ActiveCfg = Debug|Any CPU
		{CC7EAA25-17DB-4850-91F6-0B59BF335E2A}.Debug|Mixed Platforms.Build.0 = Debug|Any CPU
		{CC7EAA25-17DB-4850-91F6-0B59BF335E2A}.Debug|x64.ActiveCfg = Debug|x64
		{CC7EAA25-17DB-4850-91F6-0B59BF335E2A}.Debug|x64.Build.0 = Debug|x64
		{CC7EAA25-17DB-4850-91F6-0B59BF335E2A}.Debug|x86.ActiveCfg = Debug|x86
		{CC7EAA25-17DB-4850-91F6-0B59BF335E2A}.Debug|x86.Build.0 = Debug|x86
		{CC7EAA25-17DB-4850-91F6-0B59BF335E2A}.Release|Any CPU.ActiveCfg = Release|Any CPU
		{CC7EAA25-17DB-4850-91F6-0B59BF335E2A}.Release|Any CPU.Build.0 = Release|Any CPU
		{CC7EAA25-17DB-4850-91F6-0B59BF335E2A}.Release|Mixed Platforms.ActiveCfg = Release|x86
		{CC7EAA25-17DB-4850-91F6-0B59BF335E2A}.Release|Mixed Platforms.Build.0 = Release|x86
		{CC7EAA25-17DB-4850-91F6-0B59BF335E2A}.Release|x64.ActiveCfg = Release|x64
		{CC7EAA25-17DB-4850-91F6-0B59BF335E2A}.Release|x64.Build.0 = Release|x64
		{CC7EAA25-17DB-4850-91F6-0B59BF335E2A}.Release|x86.ActiveCfg = Release|x86
		{CC7EAA25-17DB-4850-91F6-0B59BF335E2A}.Release|x86.Build.0 = Release|x86
		{0B633261-C1B5-422F-A975-AA1DF2878C71}.Debug|Any CPU.ActiveCfg = Debug|Any CPU
		{0B633261-C1B5-422F-A975-AA1DF2878C71}.Debug|Any CPU.Build.0 = Debug|Any CPU
		{0B633261-C1B5-422F-A975-AA1DF2878C71}.Debug|Mixed Platforms.ActiveCfg = Debug|Any CPU
		{0B633261-C1B5-422F-A975-AA1DF2878C71}.Debug|Mixed Platforms.Build.0 = Debug|Any CPU
		{0B633261-C1B5-422F-A975-AA1DF2878C71}.Debug|x64.ActiveCfg = Debug|Any CPU
		{0B633261-C1B5-422F-A975-AA1DF2878C71}.Debug|x64.Build.0 = Debug|Any CPU
		{0B633261-C1B5-422F-A975-AA1DF2878C71}.Debug|x86.ActiveCfg = Debug|Any CPU
		{0B633261-C1B5-422F-A975-AA1DF2878C71}.Debug|x86.Build.0 = Debug|Any CPU
		{0B633261-C1B5-422F-A975-AA1DF2878C71}.Release|Any CPU.ActiveCfg = Release|Any CPU
		{0B633261-C1B5-422F-A975-AA1DF2878C71}.Release|Any CPU.Build.0 = Release|Any CPU
		{0B633261-C1B5-422F-A975-AA1DF2878C71}.Release|Mixed Platforms.ActiveCfg = Release|Any CPU
		{0B633261-C1B5-422F-A975-AA1DF2878C71}.Release|Mixed Platforms.Build.0 = Release|Any CPU
		{0B633261-C1B5-422F-A975-AA1DF2878C71}.Release|x64.ActiveCfg = Release|Any CPU
		{0B633261-C1B5-422F-A975-AA1DF2878C71}.Release|x64.Build.0 = Release|Any CPU
		{0B633261-C1B5-422F-A975-AA1DF2878C71}.Release|x86.ActiveCfg = Release|Any CPU
		{0B633261-C1B5-422F-A975-AA1DF2878C71}.Release|x86.Build.0 = Release|Any CPU
		{9DADCDCD-B21C-4B6C-A15F-9B36641AA45C}.Debug|Any CPU.ActiveCfg = Debug|Any CPU
		{9DADCDCD-B21C-4B6C-A15F-9B36641AA45C}.Debug|Any CPU.Build.0 = Debug|Any CPU
		{9DADCDCD-B21C-4B6C-A15F-9B36641AA45C}.Debug|Mixed Platforms.ActiveCfg = Debug|Any CPU
		{9DADCDCD-B21C-4B6C-A15F-9B36641AA45C}.Debug|Mixed Platforms.Build.0 = Debug|Any CPU
		{9DADCDCD-B21C-4B6C-A15F-9B36641AA45C}.Debug|x64.ActiveCfg = Debug|Any CPU
		{9DADCDCD-B21C-4B6C-A15F-9B36641AA45C}.Debug|x64.Build.0 = Debug|Any CPU
		{9DADCDCD-B21C-4B6C-A15F-9B36641AA45C}.Debug|x86.ActiveCfg = Debug|Any CPU
		{9DADCDCD-B21C-4B6C-A15F-9B36641AA45C}.Debug|x86.Build.0 = Debug|Any CPU
		{9DADCDCD-B21C-4B6C-A15F-9B36641AA45C}.Release|Any CPU.ActiveCfg = Release|Any CPU
		{9DADCDCD-B21C-4B6C-A15F-9B36641AA45C}.Release|Any CPU.Build.0 = Release|Any CPU
		{9DADCDCD-B21C-4B6C-A15F-9B36641AA45C}.Release|Mixed Platforms.ActiveCfg = Release|Any CPU
		{9DADCDCD-B21C-4B6C-A15F-9B36641AA45C}.Release|Mixed Platforms.Build.0 = Release|Any CPU
		{9DADCDCD-B21C-4B6C-A15F-9B36641AA45C}.Release|x64.ActiveCfg = Release|Any CPU
		{9DADCDCD-B21C-4B6C-A15F-9B36641AA45C}.Release|x64.Build.0 = Release|Any CPU
		{9DADCDCD-B21C-4B6C-A15F-9B36641AA45C}.Release|x86.ActiveCfg = Release|Any CPU
		{9DADCDCD-B21C-4B6C-A15F-9B36641AA45C}.Release|x86.Build.0 = Release|Any CPU
		{8F27AA28-D163-42FF-B9D9-E4B22C8AE52B}.Debug|Any CPU.ActiveCfg = Debug|Any CPU
		{8F27AA28-D163-42FF-B9D9-E4B22C8AE52B}.Debug|Any CPU.Build.0 = Debug|Any CPU
		{8F27AA28-D163-42FF-B9D9-E4B22C8AE52B}.Debug|Mixed Platforms.ActiveCfg = Debug|Any CPU
		{8F27AA28-D163-42FF-B9D9-E4B22C8AE52B}.Debug|Mixed Platforms.Build.0 = Debug|Any CPU
		{8F27AA28-D163-42FF-B9D9-E4B22C8AE52B}.Debug|x64.ActiveCfg = Debug|Any CPU
		{8F27AA28-D163-42FF-B9D9-E4B22C8AE52B}.Debug|x64.Build.0 = Debug|Any CPU
		{8F27AA28-D163-42FF-B9D9-E4B22C8AE52B}.Debug|x86.ActiveCfg = Debug|Any CPU
		{8F27AA28-D163-42FF-B9D9-E4B22C8AE52B}.Debug|x86.Build.0 = Debug|Any CPU
		{8F27AA28-D163-42FF-B9D9-E4B22C8AE52B}.Release|Any CPU.ActiveCfg = Release|Any CPU
		{8F27AA28-D163-42FF-B9D9-E4B22C8AE52B}.Release|Any CPU.Build.0 = Release|Any CPU
		{8F27AA28-D163-42FF-B9D9-E4B22C8AE52B}.Release|Mixed Platforms.ActiveCfg = Release|Any CPU
		{8F27AA28-D163-42FF-B9D9-E4B22C8AE52B}.Release|Mixed Platforms.Build.0 = Release|Any CPU
		{8F27AA28-D163-42FF-B9D9-E4B22C8AE52B}.Release|x64.ActiveCfg = Release|Any CPU
		{8F27AA28-D163-42FF-B9D9-E4B22C8AE52B}.Release|x64.Build.0 = Release|Any CPU
		{8F27AA28-D163-42FF-B9D9-E4B22C8AE52B}.Release|x86.ActiveCfg = Release|Any CPU
		{8F27AA28-D163-42FF-B9D9-E4B22C8AE52B}.Release|x86.Build.0 = Release|Any CPU
		{872E3E7E-D5F8-4ACD-A098-EA184BA0E7F9}.Debug|Any CPU.ActiveCfg = Debug|Any CPU
		{872E3E7E-D5F8-4ACD-A098-EA184BA0E7F9}.Debug|Any CPU.Build.0 = Debug|Any CPU
		{872E3E7E-D5F8-4ACD-A098-EA184BA0E7F9}.Debug|Mixed Platforms.ActiveCfg = Debug|Any CPU
		{872E3E7E-D5F8-4ACD-A098-EA184BA0E7F9}.Debug|Mixed Platforms.Build.0 = Debug|Any CPU
		{872E3E7E-D5F8-4ACD-A098-EA184BA0E7F9}.Debug|x64.ActiveCfg = Debug|Any CPU
		{872E3E7E-D5F8-4ACD-A098-EA184BA0E7F9}.Debug|x64.Build.0 = Debug|Any CPU
		{872E3E7E-D5F8-4ACD-A098-EA184BA0E7F9}.Debug|x86.ActiveCfg = Debug|Any CPU
		{872E3E7E-D5F8-4ACD-A098-EA184BA0E7F9}.Debug|x86.Build.0 = Debug|Any CPU
		{872E3E7E-D5F8-4ACD-A098-EA184BA0E7F9}.Release|Any CPU.ActiveCfg = Release|Any CPU
		{872E3E7E-D5F8-4ACD-A098-EA184BA0E7F9}.Release|Any CPU.Build.0 = Release|Any CPU
		{872E3E7E-D5F8-4ACD-A098-EA184BA0E7F9}.Release|Mixed Platforms.ActiveCfg = Release|Any CPU
		{872E3E7E-D5F8-4ACD-A098-EA184BA0E7F9}.Release|Mixed Platforms.Build.0 = Release|Any CPU
		{872E3E7E-D5F8-4ACD-A098-EA184BA0E7F9}.Release|x64.ActiveCfg = Release|Any CPU
		{872E3E7E-D5F8-4ACD-A098-EA184BA0E7F9}.Release|x64.Build.0 = Release|Any CPU
		{872E3E7E-D5F8-4ACD-A098-EA184BA0E7F9}.Release|x86.ActiveCfg = Release|Any CPU
		{872E3E7E-D5F8-4ACD-A098-EA184BA0E7F9}.Release|x86.Build.0 = Release|Any CPU
		{0C6FA665-A531-4163-A318-5FA4F5A65E0F}.Debug|Any CPU.ActiveCfg = Debug|Any CPU
		{0C6FA665-A531-4163-A318-5FA4F5A65E0F}.Debug|Any CPU.Build.0 = Debug|Any CPU
		{0C6FA665-A531-4163-A318-5FA4F5A65E0F}.Debug|Mixed Platforms.ActiveCfg = Debug|Any CPU
		{0C6FA665-A531-4163-A318-5FA4F5A65E0F}.Debug|Mixed Platforms.Build.0 = Debug|Any CPU
		{0C6FA665-A531-4163-A318-5FA4F5A65E0F}.Debug|x64.ActiveCfg = Debug|Any CPU
		{0C6FA665-A531-4163-A318-5FA4F5A65E0F}.Debug|x64.Build.0 = Debug|Any CPU
		{0C6FA665-A531-4163-A318-5FA4F5A65E0F}.Debug|x86.ActiveCfg = Debug|Any CPU
		{0C6FA665-A531-4163-A318-5FA4F5A65E0F}.Debug|x86.Build.0 = Debug|Any CPU
		{0C6FA665-A531-4163-A318-5FA4F5A65E0F}.Release|Any CPU.ActiveCfg = Release|Any CPU
		{0C6FA665-A531-4163-A318-5FA4F5A65E0F}.Release|Any CPU.Build.0 = Release|Any CPU
		{0C6FA665-A531-4163-A318-5FA4F5A65E0F}.Release|Mixed Platforms.ActiveCfg = Release|Any CPU
		{0C6FA665-A531-4163-A318-5FA4F5A65E0F}.Release|Mixed Platforms.Build.0 = Release|Any CPU
		{0C6FA665-A531-4163-A318-5FA4F5A65E0F}.Release|x64.ActiveCfg = Release|Any CPU
		{0C6FA665-A531-4163-A318-5FA4F5A65E0F}.Release|x64.Build.0 = Release|Any CPU
		{0C6FA665-A531-4163-A318-5FA4F5A65E0F}.Release|x86.ActiveCfg = Release|Any CPU
		{0C6FA665-A531-4163-A318-5FA4F5A65E0F}.Release|x86.Build.0 = Release|Any CPU
		{351C4D4D-8066-40BA-A638-93BB22428C3E}.Debug|Any CPU.ActiveCfg = Debug|Any CPU
		{351C4D4D-8066-40BA-A638-93BB22428C3E}.Debug|Any CPU.Build.0 = Debug|Any CPU
		{351C4D4D-8066-40BA-A638-93BB22428C3E}.Debug|Mixed Platforms.ActiveCfg = Debug|Any CPU
		{351C4D4D-8066-40BA-A638-93BB22428C3E}.Debug|Mixed Platforms.Build.0 = Debug|Any CPU
		{351C4D4D-8066-40BA-A638-93BB22428C3E}.Debug|x64.ActiveCfg = Debug|Any CPU
		{351C4D4D-8066-40BA-A638-93BB22428C3E}.Debug|x64.Build.0 = Debug|Any CPU
		{351C4D4D-8066-40BA-A638-93BB22428C3E}.Debug|x86.ActiveCfg = Debug|Any CPU
		{351C4D4D-8066-40BA-A638-93BB22428C3E}.Debug|x86.Build.0 = Debug|Any CPU
		{351C4D4D-8066-40BA-A638-93BB22428C3E}.Release|Any CPU.ActiveCfg = Release|Any CPU
		{351C4D4D-8066-40BA-A638-93BB22428C3E}.Release|Any CPU.Build.0 = Release|Any CPU
		{351C4D4D-8066-40BA-A638-93BB22428C3E}.Release|Mixed Platforms.ActiveCfg = Release|Any CPU
		{351C4D4D-8066-40BA-A638-93BB22428C3E}.Release|Mixed Platforms.Build.0 = Release|Any CPU
		{351C4D4D-8066-40BA-A638-93BB22428C3E}.Release|x64.ActiveCfg = Release|Any CPU
		{351C4D4D-8066-40BA-A638-93BB22428C3E}.Release|x64.Build.0 = Release|Any CPU
		{351C4D4D-8066-40BA-A638-93BB22428C3E}.Release|x86.ActiveCfg = Release|Any CPU
		{351C4D4D-8066-40BA-A638-93BB22428C3E}.Release|x86.Build.0 = Release|Any CPU
		{F4703AF5-9A1A-4D72-AD94-26C982DFD2F5}.Debug|Any CPU.ActiveCfg = Debug|Any CPU
		{F4703AF5-9A1A-4D72-AD94-26C982DFD2F5}.Debug|Any CPU.Build.0 = Debug|Any CPU
		{F4703AF5-9A1A-4D72-AD94-26C982DFD2F5}.Debug|Mixed Platforms.ActiveCfg = Debug|Any CPU
		{F4703AF5-9A1A-4D72-AD94-26C982DFD2F5}.Debug|Mixed Platforms.Build.0 = Debug|Any CPU
		{F4703AF5-9A1A-4D72-AD94-26C982DFD2F5}.Debug|x64.ActiveCfg = Debug|x64
		{F4703AF5-9A1A-4D72-AD94-26C982DFD2F5}.Debug|x64.Build.0 = Debug|x64
		{F4703AF5-9A1A-4D72-AD94-26C982DFD2F5}.Debug|x86.ActiveCfg = Debug|x86
		{F4703AF5-9A1A-4D72-AD94-26C982DFD2F5}.Debug|x86.Build.0 = Debug|x86
		{F4703AF5-9A1A-4D72-AD94-26C982DFD2F5}.Release|Any CPU.ActiveCfg = Release|Any CPU
		{F4703AF5-9A1A-4D72-AD94-26C982DFD2F5}.Release|Any CPU.Build.0 = Release|Any CPU
		{F4703AF5-9A1A-4D72-AD94-26C982DFD2F5}.Release|Mixed Platforms.ActiveCfg = Release|x86
		{F4703AF5-9A1A-4D72-AD94-26C982DFD2F5}.Release|Mixed Platforms.Build.0 = Release|x86
		{F4703AF5-9A1A-4D72-AD94-26C982DFD2F5}.Release|x64.ActiveCfg = Release|x64
		{F4703AF5-9A1A-4D72-AD94-26C982DFD2F5}.Release|x64.Build.0 = Release|x64
		{F4703AF5-9A1A-4D72-AD94-26C982DFD2F5}.Release|x86.ActiveCfg = Release|x86
		{F4703AF5-9A1A-4D72-AD94-26C982DFD2F5}.Release|x86.Build.0 = Release|x86
		{7DC24E8D-CFE2-457E-8C0E-8ACDAC65745B}.Debug|Any CPU.ActiveCfg = Debug|Any CPU
		{7DC24E8D-CFE2-457E-8C0E-8ACDAC65745B}.Debug|Any CPU.Build.0 = Debug|Any CPU
		{7DC24E8D-CFE2-457E-8C0E-8ACDAC65745B}.Debug|Mixed Platforms.ActiveCfg = Debug|Any CPU
		{7DC24E8D-CFE2-457E-8C0E-8ACDAC65745B}.Debug|Mixed Platforms.Build.0 = Debug|Any CPU
		{7DC24E8D-CFE2-457E-8C0E-8ACDAC65745B}.Debug|x64.ActiveCfg = Debug|x64
		{7DC24E8D-CFE2-457E-8C0E-8ACDAC65745B}.Debug|x64.Build.0 = Debug|x64
		{7DC24E8D-CFE2-457E-8C0E-8ACDAC65745B}.Debug|x86.ActiveCfg = Debug|x86
		{7DC24E8D-CFE2-457E-8C0E-8ACDAC65745B}.Debug|x86.Build.0 = Debug|x86
		{7DC24E8D-CFE2-457E-8C0E-8ACDAC65745B}.Release|Any CPU.ActiveCfg = Release|Any CPU
		{7DC24E8D-CFE2-457E-8C0E-8ACDAC65745B}.Release|Any CPU.Build.0 = Release|Any CPU
		{7DC24E8D-CFE2-457E-8C0E-8ACDAC65745B}.Release|Mixed Platforms.ActiveCfg = Release|x86
		{7DC24E8D-CFE2-457E-8C0E-8ACDAC65745B}.Release|Mixed Platforms.Build.0 = Release|x86
		{7DC24E8D-CFE2-457E-8C0E-8ACDAC65745B}.Release|x64.ActiveCfg = Release|x64
		{7DC24E8D-CFE2-457E-8C0E-8ACDAC65745B}.Release|x64.Build.0 = Release|x64
		{7DC24E8D-CFE2-457E-8C0E-8ACDAC65745B}.Release|x86.ActiveCfg = Release|x86
		{7DC24E8D-CFE2-457E-8C0E-8ACDAC65745B}.Release|x86.Build.0 = Release|x86
		{0B2A9A0B-EB08-4240-92AE-C56C3DCE2C96}.Debug|Any CPU.ActiveCfg = Debug|Any CPU
		{0B2A9A0B-EB08-4240-92AE-C56C3DCE2C96}.Debug|Any CPU.Build.0 = Debug|Any CPU
		{0B2A9A0B-EB08-4240-92AE-C56C3DCE2C96}.Debug|Mixed Platforms.ActiveCfg = Debug|Any CPU
		{0B2A9A0B-EB08-4240-92AE-C56C3DCE2C96}.Debug|Mixed Platforms.Build.0 = Debug|Any CPU
		{0B2A9A0B-EB08-4240-92AE-C56C3DCE2C96}.Debug|x64.ActiveCfg = Debug|Any CPU
		{0B2A9A0B-EB08-4240-92AE-C56C3DCE2C96}.Debug|x64.Build.0 = Debug|Any CPU
		{0B2A9A0B-EB08-4240-92AE-C56C3DCE2C96}.Debug|x86.ActiveCfg = Debug|Any CPU
		{0B2A9A0B-EB08-4240-92AE-C56C3DCE2C96}.Debug|x86.Build.0 = Debug|Any CPU
		{0B2A9A0B-EB08-4240-92AE-C56C3DCE2C96}.Release|Any CPU.ActiveCfg = Release|Any CPU
		{0B2A9A0B-EB08-4240-92AE-C56C3DCE2C96}.Release|Any CPU.Build.0 = Release|Any CPU
		{0B2A9A0B-EB08-4240-92AE-C56C3DCE2C96}.Release|Mixed Platforms.ActiveCfg = Release|Any CPU
		{0B2A9A0B-EB08-4240-92AE-C56C3DCE2C96}.Release|Mixed Platforms.Build.0 = Release|Any CPU
		{0B2A9A0B-EB08-4240-92AE-C56C3DCE2C96}.Release|x64.ActiveCfg = Release|Any CPU
		{0B2A9A0B-EB08-4240-92AE-C56C3DCE2C96}.Release|x64.Build.0 = Release|Any CPU
		{0B2A9A0B-EB08-4240-92AE-C56C3DCE2C96}.Release|x86.ActiveCfg = Release|Any CPU
		{0B2A9A0B-EB08-4240-92AE-C56C3DCE2C96}.Release|x86.Build.0 = Release|Any CPU
		{A8861A3F-2A73-4F27-A552-F1ADB58EF5D2}.Debug|Any CPU.ActiveCfg = Debug|Any CPU
		{A8861A3F-2A73-4F27-A552-F1ADB58EF5D2}.Debug|Any CPU.Build.0 = Debug|Any CPU
		{A8861A3F-2A73-4F27-A552-F1ADB58EF5D2}.Debug|Mixed Platforms.ActiveCfg = Debug|Any CPU
		{A8861A3F-2A73-4F27-A552-F1ADB58EF5D2}.Debug|Mixed Platforms.Build.0 = Debug|Any CPU
		{A8861A3F-2A73-4F27-A552-F1ADB58EF5D2}.Debug|x64.ActiveCfg = Debug|Any CPU
		{A8861A3F-2A73-4F27-A552-F1ADB58EF5D2}.Debug|x64.Build.0 = Debug|Any CPU
		{A8861A3F-2A73-4F27-A552-F1ADB58EF5D2}.Debug|x86.ActiveCfg = Debug|Any CPU
		{A8861A3F-2A73-4F27-A552-F1ADB58EF5D2}.Debug|x86.Build.0 = Debug|Any CPU
		{A8861A3F-2A73-4F27-A552-F1ADB58EF5D2}.Release|Any CPU.ActiveCfg = Release|Any CPU
		{A8861A3F-2A73-4F27-A552-F1ADB58EF5D2}.Release|Any CPU.Build.0 = Release|Any CPU
		{A8861A3F-2A73-4F27-A552-F1ADB58EF5D2}.Release|Mixed Platforms.ActiveCfg = Release|Any CPU
		{A8861A3F-2A73-4F27-A552-F1ADB58EF5D2}.Release|Mixed Platforms.Build.0 = Release|Any CPU
		{A8861A3F-2A73-4F27-A552-F1ADB58EF5D2}.Release|x64.ActiveCfg = Release|Any CPU
		{A8861A3F-2A73-4F27-A552-F1ADB58EF5D2}.Release|x64.Build.0 = Release|Any CPU
		{A8861A3F-2A73-4F27-A552-F1ADB58EF5D2}.Release|x86.ActiveCfg = Release|Any CPU
		{A8861A3F-2A73-4F27-A552-F1ADB58EF5D2}.Release|x86.Build.0 = Release|Any CPU
		{068666C6-983A-4E16-BEB6-4A2632A37786}.Debug|Any CPU.ActiveCfg = Debug|Any CPU
		{068666C6-983A-4E16-BEB6-4A2632A37786}.Debug|Any CPU.Build.0 = Debug|Any CPU
		{068666C6-983A-4E16-BEB6-4A2632A37786}.Debug|Mixed Platforms.ActiveCfg = Debug|Any CPU
		{068666C6-983A-4E16-BEB6-4A2632A37786}.Debug|Mixed Platforms.Build.0 = Debug|Any CPU
		{068666C6-983A-4E16-BEB6-4A2632A37786}.Debug|x64.ActiveCfg = Debug|Any CPU
		{068666C6-983A-4E16-BEB6-4A2632A37786}.Debug|x64.Build.0 = Debug|Any CPU
		{068666C6-983A-4E16-BEB6-4A2632A37786}.Debug|x86.ActiveCfg = Debug|Any CPU
		{068666C6-983A-4E16-BEB6-4A2632A37786}.Debug|x86.Build.0 = Debug|Any CPU
		{068666C6-983A-4E16-BEB6-4A2632A37786}.Release|Any CPU.ActiveCfg = Release|Any CPU
		{068666C6-983A-4E16-BEB6-4A2632A37786}.Release|Any CPU.Build.0 = Release|Any CPU
		{068666C6-983A-4E16-BEB6-4A2632A37786}.Release|Mixed Platforms.ActiveCfg = Release|Any CPU
		{068666C6-983A-4E16-BEB6-4A2632A37786}.Release|Mixed Platforms.Build.0 = Release|Any CPU
		{068666C6-983A-4E16-BEB6-4A2632A37786}.Release|x64.ActiveCfg = Release|Any CPU
		{068666C6-983A-4E16-BEB6-4A2632A37786}.Release|x64.Build.0 = Release|Any CPU
		{068666C6-983A-4E16-BEB6-4A2632A37786}.Release|x86.ActiveCfg = Release|Any CPU
		{068666C6-983A-4E16-BEB6-4A2632A37786}.Release|x86.Build.0 = Release|Any CPU
		{D5F7C0C7-8894-42D7-A517-CD2FE8DB40D8}.Debug|Any CPU.ActiveCfg = Debug|Any CPU
		{D5F7C0C7-8894-42D7-A517-CD2FE8DB40D8}.Debug|Any CPU.Build.0 = Debug|Any CPU
		{D5F7C0C7-8894-42D7-A517-CD2FE8DB40D8}.Debug|Mixed Platforms.ActiveCfg = Debug|Any CPU
		{D5F7C0C7-8894-42D7-A517-CD2FE8DB40D8}.Debug|Mixed Platforms.Build.0 = Debug|Any CPU
		{D5F7C0C7-8894-42D7-A517-CD2FE8DB40D8}.Debug|x64.ActiveCfg = Debug|Any CPU
		{D5F7C0C7-8894-42D7-A517-CD2FE8DB40D8}.Debug|x64.Build.0 = Debug|Any CPU
		{D5F7C0C7-8894-42D7-A517-CD2FE8DB40D8}.Debug|x86.ActiveCfg = Debug|Any CPU
		{D5F7C0C7-8894-42D7-A517-CD2FE8DB40D8}.Debug|x86.Build.0 = Debug|Any CPU
		{D5F7C0C7-8894-42D7-A517-CD2FE8DB40D8}.Release|Any CPU.ActiveCfg = Release|Any CPU
		{D5F7C0C7-8894-42D7-A517-CD2FE8DB40D8}.Release|Any CPU.Build.0 = Release|Any CPU
		{D5F7C0C7-8894-42D7-A517-CD2FE8DB40D8}.Release|Mixed Platforms.ActiveCfg = Release|Any CPU
		{D5F7C0C7-8894-42D7-A517-CD2FE8DB40D8}.Release|Mixed Platforms.Build.0 = Release|Any CPU
		{D5F7C0C7-8894-42D7-A517-CD2FE8DB40D8}.Release|x64.ActiveCfg = Release|Any CPU
		{D5F7C0C7-8894-42D7-A517-CD2FE8DB40D8}.Release|x64.Build.0 = Release|Any CPU
		{D5F7C0C7-8894-42D7-A517-CD2FE8DB40D8}.Release|x86.ActiveCfg = Release|Any CPU
		{D5F7C0C7-8894-42D7-A517-CD2FE8DB40D8}.Release|x86.Build.0 = Release|Any CPU
		{5D303AE4-8B3D-4341-8948-8573D918AE0A}.Debug|Any CPU.ActiveCfg = Debug|Any CPU
		{5D303AE4-8B3D-4341-8948-8573D918AE0A}.Debug|Any CPU.Build.0 = Debug|Any CPU
		{5D303AE4-8B3D-4341-8948-8573D918AE0A}.Debug|Mixed Platforms.ActiveCfg = Debug|Any CPU
		{5D303AE4-8B3D-4341-8948-8573D918AE0A}.Debug|Mixed Platforms.Build.0 = Debug|Any CPU
		{5D303AE4-8B3D-4341-8948-8573D918AE0A}.Debug|x64.ActiveCfg = Debug|Any CPU
		{5D303AE4-8B3D-4341-8948-8573D918AE0A}.Debug|x64.Build.0 = Debug|Any CPU
		{5D303AE4-8B3D-4341-8948-8573D918AE0A}.Debug|x86.ActiveCfg = Debug|Any CPU
		{5D303AE4-8B3D-4341-8948-8573D918AE0A}.Debug|x86.Build.0 = Debug|Any CPU
		{5D303AE4-8B3D-4341-8948-8573D918AE0A}.Release|Any CPU.ActiveCfg = Release|Any CPU
		{5D303AE4-8B3D-4341-8948-8573D918AE0A}.Release|Any CPU.Build.0 = Release|Any CPU
		{5D303AE4-8B3D-4341-8948-8573D918AE0A}.Release|Mixed Platforms.ActiveCfg = Release|Any CPU
		{5D303AE4-8B3D-4341-8948-8573D918AE0A}.Release|Mixed Platforms.Build.0 = Release|Any CPU
		{5D303AE4-8B3D-4341-8948-8573D918AE0A}.Release|x64.ActiveCfg = Release|Any CPU
		{5D303AE4-8B3D-4341-8948-8573D918AE0A}.Release|x64.Build.0 = Release|Any CPU
		{5D303AE4-8B3D-4341-8948-8573D918AE0A}.Release|x86.ActiveCfg = Release|Any CPU
		{5D303AE4-8B3D-4341-8948-8573D918AE0A}.Release|x86.Build.0 = Release|Any CPU
		{2C0A503D-CC38-4F60-B948-786E309062A5}.Debug|Any CPU.ActiveCfg = Debug|x86
		{2C0A503D-CC38-4F60-B948-786E309062A5}.Debug|Mixed Platforms.ActiveCfg = Debug|x86
		{2C0A503D-CC38-4F60-B948-786E309062A5}.Debug|Mixed Platforms.Build.0 = Debug|x86
		{2C0A503D-CC38-4F60-B948-786E309062A5}.Debug|x64.ActiveCfg = Debug|x86
		{2C0A503D-CC38-4F60-B948-786E309062A5}.Debug|x86.ActiveCfg = Debug|x86
		{2C0A503D-CC38-4F60-B948-786E309062A5}.Debug|x86.Build.0 = Debug|x86
		{2C0A503D-CC38-4F60-B948-786E309062A5}.Release|Any CPU.ActiveCfg = Release|x86
		{2C0A503D-CC38-4F60-B948-786E309062A5}.Release|Mixed Platforms.ActiveCfg = Release|x86
		{2C0A503D-CC38-4F60-B948-786E309062A5}.Release|Mixed Platforms.Build.0 = Release|x86
		{2C0A503D-CC38-4F60-B948-786E309062A5}.Release|x64.ActiveCfg = Release|x86
		{2C0A503D-CC38-4F60-B948-786E309062A5}.Release|x86.ActiveCfg = Release|x86
		{2C0A503D-CC38-4F60-B948-786E309062A5}.Release|x86.Build.0 = Release|x86
		{7647656F-6DBF-4A45-B598-66F7E57F5A8C}.Debug|Any CPU.ActiveCfg = Debug|Any CPU
		{7647656F-6DBF-4A45-B598-66F7E57F5A8C}.Debug|Any CPU.Build.0 = Debug|Any CPU
		{7647656F-6DBF-4A45-B598-66F7E57F5A8C}.Debug|Mixed Platforms.ActiveCfg = Debug|Any CPU
		{7647656F-6DBF-4A45-B598-66F7E57F5A8C}.Debug|Mixed Platforms.Build.0 = Debug|Any CPU
		{7647656F-6DBF-4A45-B598-66F7E57F5A8C}.Debug|x64.ActiveCfg = Debug|Any CPU
		{7647656F-6DBF-4A45-B598-66F7E57F5A8C}.Debug|x64.Build.0 = Debug|Any CPU
		{7647656F-6DBF-4A45-B598-66F7E57F5A8C}.Debug|x86.ActiveCfg = Debug|Any CPU
		{7647656F-6DBF-4A45-B598-66F7E57F5A8C}.Debug|x86.Build.0 = Debug|Any CPU
		{7647656F-6DBF-4A45-B598-66F7E57F5A8C}.Release|Any CPU.ActiveCfg = Release|Any CPU
		{7647656F-6DBF-4A45-B598-66F7E57F5A8C}.Release|Any CPU.Build.0 = Release|Any CPU
		{7647656F-6DBF-4A45-B598-66F7E57F5A8C}.Release|Mixed Platforms.ActiveCfg = Release|Any CPU
		{7647656F-6DBF-4A45-B598-66F7E57F5A8C}.Release|Mixed Platforms.Build.0 = Release|Any CPU
		{7647656F-6DBF-4A45-B598-66F7E57F5A8C}.Release|x64.ActiveCfg = Release|Any CPU
		{7647656F-6DBF-4A45-B598-66F7E57F5A8C}.Release|x64.Build.0 = Release|Any CPU
		{7647656F-6DBF-4A45-B598-66F7E57F5A8C}.Release|x86.ActiveCfg = Release|Any CPU
		{7647656F-6DBF-4A45-B598-66F7E57F5A8C}.Release|x86.Build.0 = Release|Any CPU
	EndGlobalSection
	GlobalSection(SolutionProperties) = preSolution
		HideSolutionNode = FALSE
	EndGlobalSection
	GlobalSection(ExtensibilityGlobals) = postSolution
		SolutionGuid = {A742A11A-D2B1-4E13-AF47-D696ADF5CC84}
	EndGlobalSection
EndGlobal
